
Microsoft Visual Studio Solution File, Format Version 12.00
# Visual Studio Version 16
VisualStudioVersion = 16.0.28803.156
MinimumVisualStudioVersion = 10.0.40219.1
Project("{8BC9CEB8-8B4A-11D0-8D11-00A0C91BC942}") = "SmallestNumber", "SmallestNumber\SmallestNumber.vcxproj", "{25F5F85B-51BD-4F7F-A683-2616DE779156}"
EndProject
Global
	GlobalSection(SolutionConfigurationPlatforms) = preSolution
		Debug|x64 = Debug|x64
		Debug|x86 = Debug|x86
		Release|x64 = Release|x64
		Release|x86 = Release|x86
	EndGlobalSection
	GlobalSection(ProjectConfigurationPlatforms) = postSolution
		{25F5F85B-51BD-4F7F-A683-2616DE779156}.Debug|x64.ActiveCfg = Debug|x64
		{25F5F85B-51BD-4F7F-A683-2616DE779156}.Debug|x64.Build.0 = Debug|x64
		{25F5F85B-51BD-4F7F-A683-2616DE779156}.Debug|x86.ActiveCfg = Debug|Win32
		{25F5F85B-51BD-4F7F-A683-2616DE779156}.Debug|x86.Build.0 = Debug|Win32
		{25F5F85B-51BD-4F7F-A683-2616DE779156}.Release|x64.ActiveCfg = Release|x64
		{25F5F85B-51BD-4F7F-A683-2616DE779156}.Release|x64.Build.0 = Release|x64
		{25F5F85B-51BD-4F7F-A683-2616DE779156}.Release|x86.ActiveCfg = Release|Win32
		{25F5F85B-51BD-4F7F-A683-2616DE779156}.Release|x86.Build.0 = Release|Win32
	EndGlobalSection
	GlobalSection(SolutionProperties) = preSolution
		HideSolutionNode = FALSE
	EndGlobalSection
	GlobalSection(ExtensibilityGlobals) = postSolution
		SolutionGuid = {449CD008-AAEF-4C00-8BE7-1FD22799D027}
	EndGlobalSection
EndGlobal
