
Microsoft Visual Studio Solution File, Format Version 12.00
# Visual Studio Version 16
VisualStudioVersion = 16.0.28803.156
MinimumVisualStudioVersion = 10.0.40219.1
Project("{8BC9CEB8-8B4A-11D0-8D11-00A0C91BC942}") = "ConsoleInputOutputWithString", "ConsoleInputOutputWithString\ConsoleInputOutputWithString.vcxproj", "{2C4B6BA7-DA15-406F-A19E-0E8A16D25F72}"
EndProject
Global
	GlobalSection(SolutionConfigurationPlatforms) = preSolution
		Debug|x64 = Debug|x64
		Debug|x86 = Debug|x86
		Release|x64 = Release|x64
		Release|x86 = Release|x86
	EndGlobalSection
	GlobalSection(ProjectConfigurationPlatforms) = postSolution
		{2C4B6BA7-DA15-406F-A19E-0E8A16D25F72}.Debug|x64.ActiveCfg = Debug|x64
		{2C4B6BA7-DA15-406F-A19E-0E8A16D25F72}.Debug|x64.Build.0 = Debug|x64
		{2C4B6BA7-DA15-406F-A19E-0E8A16D25F72}.Debug|x86.ActiveCfg = Debug|Win32
		{2C4B6BA7-DA15-406F-A19E-0E8A16D25F72}.Debug|x86.Build.0 = Debug|Win32
		{2C4B6BA7-DA15-406F-A19E-0E8A16D25F72}.Release|x64.ActiveCfg = Release|x64
		{2C4B6BA7-DA15-406F-A19E-0E8A16D25F72}.Release|x64.Build.0 = Release|x64
		{2C4B6BA7-DA15-406F-A19E-0E8A16D25F72}.Release|x86.ActiveCfg = Release|Win32
		{2C4B6BA7-DA15-406F-A19E-0E8A16D25F72}.Release|x86.Build.0 = Release|Win32
	EndGlobalSection
	GlobalSection(SolutionProperties) = preSolution
		HideSolutionNode = FALSE
	EndGlobalSection
	GlobalSection(ExtensibilityGlobals) = postSolution
		SolutionGuid = {0A46BCCF-B712-4223-AA9A-984703D99078}
	EndGlobalSection
EndGlobal
